
Microsoft Visual Studio Solution File, Format Version 12.00
# Visual Studio Version 17
VisualStudioVersion = 17.5.002.0
MinimumVisualStudioVersion = 10.0.40219.1
Project("{9A19103F-16F7-4668-BE54-9A1E7A4F7556}") = "AppointmentScheduler.Infrastructure", "AppointmentScheduler.Infrastructure.csproj", "{4A0C4848-18C7-4E22-A4F3-D6E54EF059C2}"
EndProject
Global
	GlobalSection(SolutionConfigurationPlatforms) = preSolution
		Debug|Any CPU = Debug|Any CPU
		Release|Any CPU = Release|Any CPU
	EndGlobalSection
	GlobalSection(ProjectConfigurationPlatforms) = postSolution
		{4A0C4848-18C7-4E22-A4F3-D6E54EF059C2}.Debug|Any CPU.ActiveCfg = Debug|Any CPU
		{4A0C4848-18C7-4E22-A4F3-D6E54EF059C2}.Debug|Any CPU.Build.0 = Debug|Any CPU
		{4A0C4848-18C7-4E22-A4F3-D6E54EF059C2}.Release|Any CPU.ActiveCfg = Release|Any CPU
		{4A0C4848-18C7-4E22-A4F3-D6E54EF059C2}.Release|Any CPU.Build.0 = Release|Any CPU
	EndGlobalSection
	GlobalSection(SolutionProperties) = preSolution
		HideSolutionNode = FALSE
	EndGlobalSection
	GlobalSection(ExtensibilityGlobals) = postSolution
		SolutionGuid = {DE2A91C5-BBFC-428E-AAFD-ABCB4096463A}
	EndGlobalSection
EndGlobal
